
Microsoft Visual Studio Solution File, Format Version 12.00
# Visual Studio Version 16
VisualStudioVersion = 16.0.31613.86
MinimumVisualStudioVersion = 10.0.40219.1
Project("{9A19103F-16F7-4668-BE54-9A1E7A4F7556}") = "WebApplication1", "WebApplication1\WebApplication1.csproj", "{ED2A10D4-0084-42FC-9ABC-7D2195B17DF8}"
EndProject
Global
	GlobalSection(SolutionConfigurationPlatforms) = preSolution
		Debug|Any CPU = Debug|Any CPU
		Release|Any CPU = Release|Any CPU
	EndGlobalSection
	GlobalSection(ProjectConfigurationPlatforms) = postSolution
		{ED2A10D4-0084-42FC-9ABC-7D2195B17DF8}.Debug|Any CPU.ActiveCfg = Debug|Any CPU
		{ED2A10D4-0084-42FC-9ABC-7D2195B17DF8}.Debug|Any CPU.Build.0 = Debug|Any CPU
		{ED2A10D4-0084-42FC-9ABC-7D2195B17DF8}.Release|Any CPU.ActiveCfg = Release|Any CPU
		{ED2A10D4-0084-42FC-9ABC-7D2195B17DF8}.Release|Any CPU.Build.0 = Release|Any CPU
	EndGlobalSection
	GlobalSection(SolutionProperties) = preSolution
		HideSolutionNode = FALSE
	EndGlobalSection
	GlobalSection(ExtensibilityGlobals) = postSolution
		SolutionGuid = {12D8E68F-CECD-4E9F-91F5-7AE8AB45A255}
	EndGlobalSection
EndGlobal
